// !$*UTF8*$!
{
	archiveVersion = 1;
	classes = {
	};
	objectVersion = 56;
	objects = {

/* Begin PBXBuildFile section */
		FF25CC662AD021A000BC5A12 /* LeagueDTO.swift in Sources */ = {isa = PBXBuildFile; fileRef = FF25CC652AD021A000BC5A12 /* LeagueDTO.swift */; };
		FF25CC682AD021EA00BC5A12 /* ResponsesDTO.swift in Sources */ = {isa = PBXBuildFile; fileRef = FF25CC672AD021EA00BC5A12 /* ResponsesDTO.swift */; };
		FF25CC6A2AD0220E00BC5A12 /* TeamDTO.swift in Sources */ = {isa = PBXBuildFile; fileRef = FF25CC692AD0220E00BC5A12 /* TeamDTO.swift */; };
		FFB991602ACF180C0011A70D /* AppDelegate.swift in Sources */ = {isa = PBXBuildFile; fileRef = FFB9915F2ACF180C0011A70D /* AppDelegate.swift */; };
		FFB991622ACF180C0011A70D /* SceneDelegate.swift in Sources */ = {isa = PBXBuildFile; fileRef = FFB991612ACF180C0011A70D /* SceneDelegate.swift */; };
		FFB991642ACF180C0011A70D /* ViewController.swift in Sources */ = {isa = PBXBuildFile; fileRef = FFB991632ACF180C0011A70D /* ViewController.swift */; };
		FFB991672ACF180C0011A70D /* Main.storyboard in Resources */ = {isa = PBXBuildFile; fileRef = FFB991652ACF180C0011A70D /* Main.storyboard */; };
		FFB991692ACF180D0011A70D /* Assets.xcassets in Resources */ = {isa = PBXBuildFile; fileRef = FFB991682ACF180D0011A70D /* Assets.xcassets */; };
		FFB9916C2ACF180D0011A70D /* LaunchScreen.storyboard in Resources */ = {isa = PBXBuildFile; fileRef = FFB9916A2ACF180D0011A70D /* LaunchScreen.storyboard */; };
		FFB991812ACF180D0011A70D /* TestFDJUITests.swift in Sources */ = {isa = PBXBuildFile; fileRef = FFB991802ACF180D0011A70D /* TestFDJUITests.swift */; };
		FFB991832ACF180D0011A70D /* TestFDJUITestsLaunchTests.swift in Sources */ = {isa = PBXBuildFile; fileRef = FFB991822ACF180D0011A70D /* TestFDJUITestsLaunchTests.swift */; };
		FFB991952ACF29650011A70D /* League.swift in Sources */ = {isa = PBXBuildFile; fileRef = FFB991942ACF29650011A70D /* League.swift */; };
		FFB991972ACF29770011A70D /* Team.swift in Sources */ = {isa = PBXBuildFile; fileRef = FFB991962ACF29770011A70D /* Team.swift */; };
		FFB991992ACF29970011A70D /* LeagueRepositoryImpl.swift in Sources */ = {isa = PBXBuildFile; fileRef = FFB991982ACF29970011A70D /* LeagueRepositoryImpl.swift */; };
		FFB9919D2ACF2B430011A70D /* GetAllLeaguesUseCase.swift in Sources */ = {isa = PBXBuildFile; fileRef = FFB9919C2ACF2B430011A70D /* GetAllLeaguesUseCase.swift */; };
		FFB9919F2ACF2B520011A70D /* GetTeamsFromLeagueUseCase.swift in Sources */ = {isa = PBXBuildFile; fileRef = FFB9919E2ACF2B520011A70D /* GetTeamsFromLeagueUseCase.swift */; };
		FFB991A22ACF2BF50011A70D /* LeagueRepository.swift in Sources */ = {isa = PBXBuildFile; fileRef = FFB991A12ACF2BF50011A70D /* LeagueRepository.swift */; };
		FFB991A42ACF2F500011A70D /* LeagueRepositoryMock.swift in Sources */ = {isa = PBXBuildFile; fileRef = FFB991A32ACF2F500011A70D /* LeagueRepositoryMock.swift */; };
		FFB991A62ACF30980011A70D /* GetAllLeaguesUseCaseTests.swift in Sources */ = {isa = PBXBuildFile; fileRef = FFB991A52ACF30980011A70D /* GetAllLeaguesUseCaseTests.swift */; };
		FFB991AE2ACF48790011A70D /* GetTeamsFromLeagueUseCaseTests.swift in Sources */ = {isa = PBXBuildFile; fileRef = FFB991AD2ACF48790011A70D /* GetTeamsFromLeagueUseCaseTests.swift */; };
		FFB991B02ACF48940011A70D /* LeagueRepositoryImplTests.swift in Sources */ = {isa = PBXBuildFile; fileRef = FFB991AF2ACF48940011A70D /* LeagueRepositoryImplTests.swift */; };
		FFB991B52ACF522A0011A70D /* TheSportsDBDataSource.swift in Sources */ = {isa = PBXBuildFile; fileRef = FFB991B42ACF522A0011A70D /* TheSportsDBDataSource.swift */; };
		FFB991C02ACF6B420011A70D /* LeagueViewModel.swift in Sources */ = {isa = PBXBuildFile; fileRef = FFB991BF2ACF6B420011A70D /* LeagueViewModel.swift */; };
		FFB991C22ACFE9180011A70D /* TheSportsDBDataSourceMock.swift in Sources */ = {isa = PBXBuildFile; fileRef = FFB991C12ACFE9180011A70D /* TheSportsDBDataSourceMock.swift */; };
		FFB991C42ACFEFE40011A70D /* CombineTestHelpers.swift in Sources */ = {isa = PBXBuildFile; fileRef = FFB991C32ACFEFE40011A70D /* CombineTestHelpers.swift */; };
		FFB991C62ACFF7B60011A70D /* TeamsViewController.swift in Sources */ = {isa = PBXBuildFile; fileRef = FFB991C52ACFF7B60011A70D /* TeamsViewController.swift */; };
		FFB991C92ACFF9A30011A70D /* TeamViewModel.swift in Sources */ = {isa = PBXBuildFile; fileRef = FFB991C82ACFF9A30011A70D /* TeamViewModel.swift */; };
		FFB991CC2AD001310011A70D /* DIContainer.swift in Sources */ = {isa = PBXBuildFile; fileRef = FFB991CB2AD001310011A70D /* DIContainer.swift */; };
		FFB991CE2AD009DC0011A70D /* TeamCollectionViewCell.swift in Sources */ = {isa = PBXBuildFile; fileRef = FFB991CD2AD009DC0011A70D /* TeamCollectionViewCell.swift */; };
		FFB991E72AD015AF0011A70D /* Kingfisher in Frameworks */ = {isa = PBXBuildFile; productRef = FFB991E62AD015AF0011A70D /* Kingfisher */; };
		FFB991E92AD016AE0011A70D /* Config.plist in Resources */ = {isa = PBXBuildFile; fileRef = FFB991E82AD016AE0011A70D /* Config.plist */; };
		FFB991EB2AD017750011A70D /* AppConfig.swift in Sources */ = {isa = PBXBuildFile; fileRef = FFB991EA2AD017750011A70D /* AppConfig.swift */; };
/* End PBXBuildFile section */

/* Begin PBXContainerItemProxy section */
		FFB991732ACF180D0011A70D /* PBXContainerItemProxy */ = {
			isa = PBXContainerItemProxy;
			containerPortal = FFB991542ACF180C0011A70D /* Project object */;
			proxyType = 1;
			remoteGlobalIDString = FFB9915B2ACF180C0011A70D;
			remoteInfo = TestFDJ;
		};
		FFB9917D2ACF180D0011A70D /* PBXContainerItemProxy */ = {
			isa = PBXContainerItemProxy;
			containerPortal = FFB991542ACF180C0011A70D /* Project object */;
			proxyType = 1;
			remoteGlobalIDString = FFB9915B2ACF180C0011A70D;
			remoteInfo = TestFDJ;
		};
/* End PBXContainerItemProxy section */

/* Begin PBXFileReference section */
		FF25CC652AD021A000BC5A12 /* LeagueDTO.swift */ = {isa = PBXFileReference; lastKnownFileType = sourcecode.swift; path = LeagueDTO.swift; sourceTree = "<group>"; };
		FF25CC672AD021EA00BC5A12 /* ResponsesDTO.swift */ = {isa = PBXFileReference; lastKnownFileType = sourcecode.swift; path = ResponsesDTO.swift; sourceTree = "<group>"; };
		FF25CC692AD0220E00BC5A12 /* TeamDTO.swift */ = {isa = PBXFileReference; lastKnownFileType = sourcecode.swift; path = TeamDTO.swift; sourceTree = "<group>"; };
		FFB9915C2ACF180C0011A70D /* TestFDJ.app */ = {isa = PBXFileReference; explicitFileType = wrapper.application; includeInIndex = 0; path = TestFDJ.app; sourceTree = BUILT_PRODUCTS_DIR; };
		FFB9915F2ACF180C0011A70D /* AppDelegate.swift */ = {isa = PBXFileReference; lastKnownFileType = sourcecode.swift; path = AppDelegate.swift; sourceTree = "<group>"; };
		FFB991612ACF180C0011A70D /* SceneDelegate.swift */ = {isa = PBXFileReference; lastKnownFileType = sourcecode.swift; path = SceneDelegate.swift; sourceTree = "<group>"; };
		FFB991632ACF180C0011A70D /* ViewController.swift */ = {isa = PBXFileReference; lastKnownFileType = sourcecode.swift; path = ViewController.swift; sourceTree = "<group>"; };
		FFB991662ACF180C0011A70D /* Base */ = {isa = PBXFileReference; lastKnownFileType = file.storyboard; name = Base; path = Base.lproj/Main.storyboard; sourceTree = "<group>"; };
		FFB991682ACF180D0011A70D /* Assets.xcassets */ = {isa = PBXFileReference; lastKnownFileType = folder.assetcatalog; path = Assets.xcassets; sourceTree = "<group>"; };
		FFB9916B2ACF180D0011A70D /* Base */ = {isa = PBXFileReference; lastKnownFileType = file.storyboard; name = Base; path = Base.lproj/LaunchScreen.storyboard; sourceTree = "<group>"; };
		FFB9916D2ACF180D0011A70D /* Info.plist */ = {isa = PBXFileReference; lastKnownFileType = text.plist.xml; path = Info.plist; sourceTree = "<group>"; };
		FFB991722ACF180D0011A70D /* TestFDJTests.xctest */ = {isa = PBXFileReference; explicitFileType = wrapper.cfbundle; includeInIndex = 0; path = TestFDJTests.xctest; sourceTree = BUILT_PRODUCTS_DIR; };
		FFB9917C2ACF180D0011A70D /* TestFDJUITests.xctest */ = {isa = PBXFileReference; explicitFileType = wrapper.cfbundle; includeInIndex = 0; path = TestFDJUITests.xctest; sourceTree = BUILT_PRODUCTS_DIR; };
		FFB991802ACF180D0011A70D /* TestFDJUITests.swift */ = {isa = PBXFileReference; lastKnownFileType = sourcecode.swift; path = TestFDJUITests.swift; sourceTree = "<group>"; };
		FFB991822ACF180D0011A70D /* TestFDJUITestsLaunchTests.swift */ = {isa = PBXFileReference; lastKnownFileType = sourcecode.swift; path = TestFDJUITestsLaunchTests.swift; sourceTree = "<group>"; };
		FFB991942ACF29650011A70D /* League.swift */ = {isa = PBXFileReference; lastKnownFileType = sourcecode.swift; path = League.swift; sourceTree = "<group>"; };
		FFB991962ACF29770011A70D /* Team.swift */ = {isa = PBXFileReference; lastKnownFileType = sourcecode.swift; path = Team.swift; sourceTree = "<group>"; };
		FFB991982ACF29970011A70D /* LeagueRepositoryImpl.swift */ = {isa = PBXFileReference; lastKnownFileType = sourcecode.swift; path = LeagueRepositoryImpl.swift; sourceTree = "<group>"; };
		FFB9919C2ACF2B430011A70D /* GetAllLeaguesUseCase.swift */ = {isa = PBXFileReference; lastKnownFileType = sourcecode.swift; path = GetAllLeaguesUseCase.swift; sourceTree = "<group>"; };
		FFB9919E2ACF2B520011A70D /* GetTeamsFromLeagueUseCase.swift */ = {isa = PBXFileReference; lastKnownFileType = sourcecode.swift; path = GetTeamsFromLeagueUseCase.swift; sourceTree = "<group>"; };
		FFB991A12ACF2BF50011A70D /* LeagueRepository.swift */ = {isa = PBXFileReference; lastKnownFileType = sourcecode.swift; path = LeagueRepository.swift; sourceTree = "<group>"; };
		FFB991A32ACF2F500011A70D /* LeagueRepositoryMock.swift */ = {isa = PBXFileReference; lastKnownFileType = sourcecode.swift; path = LeagueRepositoryMock.swift; sourceTree = "<group>"; };
		FFB991A52ACF30980011A70D /* GetAllLeaguesUseCaseTests.swift */ = {isa = PBXFileReference; lastKnownFileType = sourcecode.swift; path = GetAllLeaguesUseCaseTests.swift; sourceTree = "<group>"; };
		FFB991A92ACF42120011A70D /* TestFDJ.xctestplan */ = {isa = PBXFileReference; lastKnownFileType = text; path = TestFDJ.xctestplan; sourceTree = "<group>"; };
		FFB991AD2ACF48790011A70D /* GetTeamsFromLeagueUseCaseTests.swift */ = {isa = PBXFileReference; lastKnownFileType = sourcecode.swift; path = GetTeamsFromLeagueUseCaseTests.swift; sourceTree = "<group>"; };
		FFB991AF2ACF48940011A70D /* LeagueRepositoryImplTests.swift */ = {isa = PBXFileReference; lastKnownFileType = sourcecode.swift; path = LeagueRepositoryImplTests.swift; sourceTree = "<group>"; };
		FFB991B42ACF522A0011A70D /* TheSportsDBDataSource.swift */ = {isa = PBXFileReference; lastKnownFileType = sourcecode.swift; path = TheSportsDBDataSource.swift; sourceTree = "<group>"; };
		FFB991BF2ACF6B420011A70D /* LeagueViewModel.swift */ = {isa = PBXFileReference; lastKnownFileType = sourcecode.swift; path = LeagueViewModel.swift; sourceTree = "<group>"; };
		FFB991C12ACFE9180011A70D /* TheSportsDBDataSourceMock.swift */ = {isa = PBXFileReference; lastKnownFileType = sourcecode.swift; path = TheSportsDBDataSourceMock.swift; sourceTree = "<group>"; };
		FFB991C32ACFEFE40011A70D /* CombineTestHelpers.swift */ = {isa = PBXFileReference; lastKnownFileType = sourcecode.swift; path = CombineTestHelpers.swift; sourceTree = "<group>"; };
		FFB991C52ACFF7B60011A70D /* TeamsViewController.swift */ = {isa = PBXFileReference; lastKnownFileType = sourcecode.swift; path = TeamsViewController.swift; sourceTree = "<group>"; };
		FFB991C82ACFF9A30011A70D /* TeamViewModel.swift */ = {isa = PBXFileReference; lastKnownFileType = sourcecode.swift; path = TeamViewModel.swift; sourceTree = "<group>"; };
		FFB991CB2AD001310011A70D /* DIContainer.swift */ = {isa = PBXFileReference; lastKnownFileType = sourcecode.swift; path = DIContainer.swift; sourceTree = "<group>"; };
		FFB991CD2AD009DC0011A70D /* TeamCollectionViewCell.swift */ = {isa = PBXFileReference; lastKnownFileType = sourcecode.swift; path = TeamCollectionViewCell.swift; sourceTree = "<group>"; };
		FFB991E82AD016AE0011A70D /* Config.plist */ = {isa = PBXFileReference; lastKnownFileType = text.plist.xml; path = Config.plist; sourceTree = "<group>"; };
		FFB991EA2AD017750011A70D /* AppConfig.swift */ = {isa = PBXFileReference; lastKnownFileType = sourcecode.swift; path = AppConfig.swift; sourceTree = "<group>"; };
/* End PBXFileReference section */

/* Begin PBXFrameworksBuildPhase section */
		FFB991592ACF180C0011A70D /* Frameworks */ = {
			isa = PBXFrameworksBuildPhase;
			buildActionMask = 2147483647;
			files = (
				FFB991E72AD015AF0011A70D /* Kingfisher in Frameworks */,
			);
			runOnlyForDeploymentPostprocessing = 0;
		};
		FFB9916F2ACF180D0011A70D /* Frameworks */ = {
			isa = PBXFrameworksBuildPhase;
			buildActionMask = 2147483647;
			files = (
			);
			runOnlyForDeploymentPostprocessing = 0;
		};
		FFB991792ACF180D0011A70D /* Frameworks */ = {
			isa = PBXFrameworksBuildPhase;
			buildActionMask = 2147483647;
			files = (
			);
			runOnlyForDeploymentPostprocessing = 0;
		};
/* End PBXFrameworksBuildPhase section */

/* Begin PBXGroup section */
		FF25CC642AD0218400BC5A12 /* DTOs */ = {
			isa = PBXGroup;
			children = (
				FF25CC652AD021A000BC5A12 /* LeagueDTO.swift */,
				FF25CC672AD021EA00BC5A12 /* ResponsesDTO.swift */,
				FF25CC692AD0220E00BC5A12 /* TeamDTO.swift */,
			);
			path = DTOs;
			sourceTree = "<group>";
		};
		FFB991532ACF180C0011A70D = {
			isa = PBXGroup;
			children = (
				FFB991A92ACF42120011A70D /* TestFDJ.xctestplan */,
				FFB9915E2ACF180C0011A70D /* TestFDJ */,
				FFB991752ACF180D0011A70D /* TestFDJTests */,
				FFB9917F2ACF180D0011A70D /* TestFDJUITests */,
				FFB9915D2ACF180C0011A70D /* Products */,
				FFB991D42AD011560011A70D /* Frameworks */,
			);
			sourceTree = "<group>";
		};
		FFB9915D2ACF180C0011A70D /* Products */ = {
			isa = PBXGroup;
			children = (
				FFB9915C2ACF180C0011A70D /* TestFDJ.app */,
				FFB991722ACF180D0011A70D /* TestFDJTests.xctest */,
				FFB9917C2ACF180D0011A70D /* TestFDJUITests.xctest */,
			);
			name = Products;
			sourceTree = "<group>";
		};
		FFB9915E2ACF180C0011A70D /* TestFDJ */ = {
			isa = PBXGroup;
			children = (
				FFB9918F2ACF285C0011A70D /* App */,
				FFB991682ACF180D0011A70D /* Assets.xcassets */,
				FFB991CA2AD000C30011A70D /* Common */,
				FFB991912ACF28760011A70D /* Data */,
				FFB991902ACF286D0011A70D /* Domain */,
				FFB991922ACF28830011A70D /* Presentation */,
				FFB9916D2ACF180D0011A70D /* Info.plist */,
			);
			path = TestFDJ;
			sourceTree = "<group>";
		};
		FFB991752ACF180D0011A70D /* TestFDJTests */ = {
			isa = PBXGroup;
			children = (
				FFB991AC2ACF485B0011A70D /* Mock */,
				FFB991A52ACF30980011A70D /* GetAllLeaguesUseCaseTests.swift */,
				FFB991AD2ACF48790011A70D /* GetTeamsFromLeagueUseCaseTests.swift */,
				FFB991AF2ACF48940011A70D /* LeagueRepositoryImplTests.swift */,
				FFB991C32ACFEFE40011A70D /* CombineTestHelpers.swift */,
			);
			path = TestFDJTests;
			sourceTree = "<group>";
		};
		FFB9917F2ACF180D0011A70D /* TestFDJUITests */ = {
			isa = PBXGroup;
			children = (
				FFB991802ACF180D0011A70D /* TestFDJUITests.swift */,
				FFB991822ACF180D0011A70D /* TestFDJUITestsLaunchTests.swift */,
			);
			path = TestFDJUITests;
			sourceTree = "<group>";
		};
		FFB9918F2ACF285C0011A70D /* App */ = {
			isa = PBXGroup;
			children = (
				FFB991E82AD016AE0011A70D /* Config.plist */,
				FFB991EA2AD017750011A70D /* AppConfig.swift */,
				FFB9915F2ACF180C0011A70D /* AppDelegate.swift */,
				FFB991612ACF180C0011A70D /* SceneDelegate.swift */,
			);
			path = App;
			sourceTree = "<group>";
		};
		FFB991902ACF286D0011A70D /* Domain */ = {
			isa = PBXGroup;
			children = (
				FFB991A02ACF2B890011A70D /* Repositories */,
				FFB9919B2ACF2AEB0011A70D /* UseCases */,
				FFB9919A2ACF29BD0011A70D /* Entities */,
			);
			path = Domain;
			sourceTree = "<group>";
		};
		FFB991912ACF28760011A70D /* Data */ = {
			isa = PBXGroup;
			children = (
				FFB991B12ACF4FD80011A70D /* DataSources */,
				FFB991982ACF29970011A70D /* LeagueRepositoryImpl.swift */,
			);
			path = Data;
			sourceTree = "<group>";
		};
		FFB991922ACF28830011A70D /* Presentation */ = {
			isa = PBXGroup;
			children = (
				FFB991C72ACFF97F0011A70D /* ViewModels */,
				FFB991932ACF29310011A70D /* Views */,
			);
			path = Presentation;
			sourceTree = "<group>";
		};
		FFB991932ACF29310011A70D /* Views */ = {
			isa = PBXGroup;
			children = (
				FFB991632ACF180C0011A70D /* ViewController.swift */,
				FFB991652ACF180C0011A70D /* Main.storyboard */,
				FFB9916A2ACF180D0011A70D /* LaunchScreen.storyboard */,
				FFB991C52ACFF7B60011A70D /* TeamsViewController.swift */,
				FFB991CD2AD009DC0011A70D /* TeamCollectionViewCell.swift */,
			);
			path = Views;
			sourceTree = "<group>";
		};
		FFB9919A2ACF29BD0011A70D /* Entities */ = {
			isa = PBXGroup;
			children = (
				FFB991942ACF29650011A70D /* League.swift */,
				FFB991962ACF29770011A70D /* Team.swift */,
			);
			path = Entities;
			sourceTree = "<group>";
		};
		FFB9919B2ACF2AEB0011A70D /* UseCases */ = {
			isa = PBXGroup;
			children = (
				FFB9919C2ACF2B430011A70D /* GetAllLeaguesUseCase.swift */,
				FFB9919E2ACF2B520011A70D /* GetTeamsFromLeagueUseCase.swift */,
			);
			path = UseCases;
			sourceTree = "<group>";
		};
		FFB991A02ACF2B890011A70D /* Repositories */ = {
			isa = PBXGroup;
			children = (
				FFB991A12ACF2BF50011A70D /* LeagueRepository.swift */,
			);
			path = Repositories;
			sourceTree = "<group>";
		};
		FFB991AC2ACF485B0011A70D /* Mock */ = {
			isa = PBXGroup;
			children = (
				FFB991A32ACF2F500011A70D /* LeagueRepositoryMock.swift */,
				FFB991C12ACFE9180011A70D /* TheSportsDBDataSourceMock.swift */,
			);
			path = Mock;
			sourceTree = "<group>";
		};
		FFB991B12ACF4FD80011A70D /* DataSources */ = {
			isa = PBXGroup;
			children = (
				FFB991B92ACF56280011A70D /* Network */,
			);
			path = DataSources;
			sourceTree = "<group>";
		};
		FFB991B92ACF56280011A70D /* Network */ = {
			isa = PBXGroup;
			children = (
				FF25CC642AD0218400BC5A12 /* DTOs */,
				FFB991BA2ACF56360011A70D /* Responses */,
				FFB991B42ACF522A0011A70D /* TheSportsDBDataSource.swift */,
			);
			path = Network;
			sourceTree = "<group>";
		};
		FFB991BA2ACF56360011A70D /* Responses */ = {
			isa = PBXGroup;
			children = (
			);
			path = Responses;
			sourceTree = "<group>";
		};
		FFB991C72ACFF97F0011A70D /* ViewModels */ = {
			isa = PBXGroup;
			children = (
				FFB991BF2ACF6B420011A70D /* LeagueViewModel.swift */,
				FFB991C82ACFF9A30011A70D /* TeamViewModel.swift */,
			);
			path = ViewModels;
			sourceTree = "<group>";
		};
		FFB991CA2AD000C30011A70D /* Common */ = {
			isa = PBXGroup;
			children = (
				FFB991CB2AD001310011A70D /* DIContainer.swift */,
			);
			path = Common;
			sourceTree = "<group>";
		};
		FFB991D42AD011560011A70D /* Frameworks */ = {
			isa = PBXGroup;
			children = (
			);
			name = Frameworks;
			sourceTree = "<group>";
		};
/* End PBXGroup section */

/* Begin PBXNativeTarget section */
		FFB9915B2ACF180C0011A70D /* TestFDJ */ = {
			isa = PBXNativeTarget;
			buildConfigurationList = FFB991862ACF180D0011A70D /* Build configuration list for PBXNativeTarget "TestFDJ" */;
			buildPhases = (
				FFB991582ACF180C0011A70D /* Sources */,
				FFB991592ACF180C0011A70D /* Frameworks */,
				FFB9915A2ACF180C0011A70D /* Resources */,
			);
			buildRules = (
			);
			dependencies = (
			);
			name = TestFDJ;
			packageProductDependencies = (
				FFB991E62AD015AF0011A70D /* Kingfisher */,
			);
			productName = TestFDJ;
			productReference = FFB9915C2ACF180C0011A70D /* TestFDJ.app */;
			productType = "com.apple.product-type.application";
		};
		FFB991712ACF180D0011A70D /* TestFDJTests */ = {
			isa = PBXNativeTarget;
			buildConfigurationList = FFB991892ACF180D0011A70D /* Build configuration list for PBXNativeTarget "TestFDJTests" */;
			buildPhases = (
				FFB9916E2ACF180D0011A70D /* Sources */,
				FFB9916F2ACF180D0011A70D /* Frameworks */,
				FFB991702ACF180D0011A70D /* Resources */,
			);
			buildRules = (
			);
			dependencies = (
				FFB991742ACF180D0011A70D /* PBXTargetDependency */,
			);
			name = TestFDJTests;
			packageProductDependencies = (
			);
			productName = TestFDJTests;
			productReference = FFB991722ACF180D0011A70D /* TestFDJTests.xctest */;
			productType = "com.apple.product-type.bundle.unit-test";
		};
		FFB9917B2ACF180D0011A70D /* TestFDJUITests */ = {
			isa = PBXNativeTarget;
			buildConfigurationList = FFB9918C2ACF180D0011A70D /* Build configuration list for PBXNativeTarget "TestFDJUITests" */;
			buildPhases = (
				FFB991782ACF180D0011A70D /* Sources */,
				FFB991792ACF180D0011A70D /* Frameworks */,
				FFB9917A2ACF180D0011A70D /* Resources */,
			);
			buildRules = (
			);
			dependencies = (
				FFB9917E2ACF180D0011A70D /* PBXTargetDependency */,
			);
			name = TestFDJUITests;
			productName = TestFDJUITests;
			productReference = FFB9917C2ACF180D0011A70D /* TestFDJUITests.xctest */;
			productType = "com.apple.product-type.bundle.ui-testing";
		};
/* End PBXNativeTarget section */

/* Begin PBXProject section */
		FFB991542ACF180C0011A70D /* Project object */ = {
			isa = PBXProject;
			attributes = {
				BuildIndependentTargetsInParallel = 1;
				LastSwiftUpdateCheck = 1430;
				LastUpgradeCheck = 1430;
				TargetAttributes = {
					FFB9915B2ACF180C0011A70D = {
						CreatedOnToolsVersion = 14.3.1;
					};
					FFB991712ACF180D0011A70D = {
						CreatedOnToolsVersion = 14.3.1;
						TestTargetID = FFB9915B2ACF180C0011A70D;
					};
					FFB9917B2ACF180D0011A70D = {
						CreatedOnToolsVersion = 14.3.1;
						TestTargetID = FFB9915B2ACF180C0011A70D;
					};
				};
			};
			buildConfigurationList = FFB991572ACF180C0011A70D /* Build configuration list for PBXProject "TestFDJ" */;
			compatibilityVersion = "Xcode 14.0";
			developmentRegion = en;
			hasScannedForEncodings = 0;
			knownRegions = (
				en,
				Base,
			);
			mainGroup = FFB991532ACF180C0011A70D;
			packageReferences = (
				FFB991E52AD015AF0011A70D /* XCRemoteSwiftPackageReference "Kingfisher" */,
			);
			productRefGroup = FFB9915D2ACF180C0011A70D /* Products */;
			projectDirPath = "";
			projectRoot = "";
			targets = (
				FFB9915B2ACF180C0011A70D /* TestFDJ */,
				FFB991712ACF180D0011A70D /* TestFDJTests */,
				FFB9917B2ACF180D0011A70D /* TestFDJUITests */,
			);
		};
/* End PBXProject section */

/* Begin PBXResourcesBuildPhase section */
		FFB9915A2ACF180C0011A70D /* Resources */ = {
			isa = PBXResourcesBuildPhase;
			buildActionMask = 2147483647;
			files = (
				FFB991E92AD016AE0011A70D /* Config.plist in Resources */,
				FFB9916C2ACF180D0011A70D /* LaunchScreen.storyboard in Resources */,
				FFB991692ACF180D0011A70D /* Assets.xcassets in Resources */,
				FFB991672ACF180C0011A70D /* Main.storyboard in Resources */,
			);
			runOnlyForDeploymentPostprocessing = 0;
		};
		FFB991702ACF180D0011A70D /* Resources */ = {
			isa = PBXResourcesBuildPhase;
			buildActionMask = 2147483647;
			files = (
			);
			runOnlyForDeploymentPostprocessing = 0;
		};
		FFB9917A2ACF180D0011A70D /* Resources */ = {
			isa = PBXResourcesBuildPhase;
			buildActionMask = 2147483647;
			files = (
			);
			runOnlyForDeploymentPostprocessing = 0;
		};
/* End PBXResourcesBuildPhase section */

/* Begin PBXSourcesBuildPhase section */
		FFB991582ACF180C0011A70D /* Sources */ = {
			isa = PBXSourcesBuildPhase;
			buildActionMask = 2147483647;
			files = (
				FFB991CC2AD001310011A70D /* DIContainer.swift in Sources */,
				FFB991EB2AD017750011A70D /* AppConfig.swift in Sources */,
				FF25CC682AD021EA00BC5A12 /* ResponsesDTO.swift in Sources */,
				FFB991992ACF29970011A70D /* LeagueRepositoryImpl.swift in Sources */,
				FFB991C62ACFF7B60011A70D /* TeamsViewController.swift in Sources */,
				FF25CC6A2AD0220E00BC5A12 /* TeamDTO.swift in Sources */,
				FFB991642ACF180C0011A70D /* ViewController.swift in Sources */,
				FFB9919D2ACF2B430011A70D /* GetAllLeaguesUseCase.swift in Sources */,
				FFB991602ACF180C0011A70D /* AppDelegate.swift in Sources */,
				FFB991A22ACF2BF50011A70D /* LeagueRepository.swift in Sources */,
				FFB991952ACF29650011A70D /* League.swift in Sources */,
				FFB991972ACF29770011A70D /* Team.swift in Sources */,
				FFB991C92ACFF9A30011A70D /* TeamViewModel.swift in Sources */,
				FFB991C02ACF6B420011A70D /* LeagueViewModel.swift in Sources */,
				FFB9919F2ACF2B520011A70D /* GetTeamsFromLeagueUseCase.swift in Sources */,
				FF25CC662AD021A000BC5A12 /* LeagueDTO.swift in Sources */,
				FFB991CE2AD009DC0011A70D /* TeamCollectionViewCell.swift in Sources */,
				FFB991622ACF180C0011A70D /* SceneDelegate.swift in Sources */,
				FFB991B52ACF522A0011A70D /* TheSportsDBDataSource.swift in Sources */,
			);
			runOnlyForDeploymentPostprocessing = 0;
		};
		FFB9916E2ACF180D0011A70D /* Sources */ = {
			isa = PBXSourcesBuildPhase;
			buildActionMask = 2147483647;
			files = (
				FFB991C22ACFE9180011A70D /* TheSportsDBDataSourceMock.swift in Sources */,
				FFB991A62ACF30980011A70D /* GetAllLeaguesUseCaseTests.swift in Sources */,
				FFB991AE2ACF48790011A70D /* GetTeamsFromLeagueUseCaseTests.swift in Sources */,
				FFB991C42ACFEFE40011A70D /* CombineTestHelpers.swift in Sources */,
				FFB991B02ACF48940011A70D /* LeagueRepositoryImplTests.swift in Sources */,
				FFB991A42ACF2F500011A70D /* LeagueRepositoryMock.swift in Sources */,
			);
			runOnlyForDeploymentPostprocessing = 0;
		};
		FFB991782ACF180D0011A70D /* Sources */ = {
			isa = PBXSourcesBuildPhase;
			buildActionMask = 2147483647;
			files = (
				FFB991812ACF180D0011A70D /* TestFDJUITests.swift in Sources */,
				FFB991832ACF180D0011A70D /* TestFDJUITestsLaunchTests.swift in Sources */,
			);
			runOnlyForDeploymentPostprocessing = 0;
		};
/* End PBXSourcesBuildPhase section */

/* Begin PBXTargetDependency section */
		FFB991742ACF180D0011A70D /* PBXTargetDependency */ = {
			isa = PBXTargetDependency;
			target = FFB9915B2ACF180C0011A70D /* TestFDJ */;
			targetProxy = FFB991732ACF180D0011A70D /* PBXContainerItemProxy */;
		};
		FFB9917E2ACF180D0011A70D /* PBXTargetDependency */ = {
			isa = PBXTargetDependency;
			target = FFB9915B2ACF180C0011A70D /* TestFDJ */;
			targetProxy = FFB9917D2ACF180D0011A70D /* PBXContainerItemProxy */;
		};
/* End PBXTargetDependency section */

/* Begin PBXVariantGroup section */
		FFB991652ACF180C0011A70D /* Main.storyboard */ = {
			isa = PBXVariantGroup;
			children = (
				FFB991662ACF180C0011A70D /* Base */,
			);
			name = Main.storyboard;
			sourceTree = "<group>";
		};
		FFB9916A2ACF180D0011A70D /* LaunchScreen.storyboard */ = {
			isa = PBXVariantGroup;
			children = (
				FFB9916B2ACF180D0011A70D /* Base */,
			);
			name = LaunchScreen.storyboard;
			sourceTree = "<group>";
		};
/* End PBXVariantGroup section */

/* Begin XCBuildConfiguration section */
		FFB991842ACF180D0011A70D /* Debug */ = {
			isa = XCBuildConfiguration;
			buildSettings = {
				ALWAYS_SEARCH_USER_PATHS = NO;
				CLANG_ANALYZER_NONNULL = YES;
				CLANG_ANALYZER_NUMBER_OBJECT_CONVERSION = YES_AGGRESSIVE;
				CLANG_CXX_LANGUAGE_STANDARD = "gnu++20";
				CLANG_ENABLE_MODULES = YES;
				CLANG_ENABLE_OBJC_ARC = YES;
				CLANG_ENABLE_OBJC_WEAK = YES;
				CLANG_WARN_BLOCK_CAPTURE_AUTORELEASING = YES;
				CLANG_WARN_BOOL_CONVERSION = YES;
				CLANG_WARN_COMMA = YES;
				CLANG_WARN_CONSTANT_CONVERSION = YES;
				CLANG_WARN_DEPRECATED_OBJC_IMPLEMENTATIONS = YES;
				CLANG_WARN_DIRECT_OBJC_ISA_USAGE = YES_ERROR;
				CLANG_WARN_DOCUMENTATION_COMMENTS = YES;
				CLANG_WARN_EMPTY_BODY = YES;
				CLANG_WARN_ENUM_CONVERSION = YES;
				CLANG_WARN_INFINITE_RECURSION = YES;
				CLANG_WARN_INT_CONVERSION = YES;
				CLANG_WARN_NON_LITERAL_NULL_CONVERSION = YES;
				CLANG_WARN_OBJC_IMPLICIT_RETAIN_SELF = YES;
				CLANG_WARN_OBJC_LITERAL_CONVERSION = YES;
				CLANG_WARN_OBJC_ROOT_CLASS = YES_ERROR;
				CLANG_WARN_QUOTED_INCLUDE_IN_FRAMEWORK_HEADER = YES;
				CLANG_WARN_RANGE_LOOP_ANALYSIS = YES;
				CLANG_WARN_STRICT_PROTOTYPES = YES;
				CLANG_WARN_SUSPICIOUS_MOVE = YES;
				CLANG_WARN_UNGUARDED_AVAILABILITY = YES_AGGRESSIVE;
				CLANG_WARN_UNREACHABLE_CODE = YES;
				CLANG_WARN__DUPLICATE_METHOD_MATCH = YES;
				COPY_PHASE_STRIP = NO;
				DEBUG_INFORMATION_FORMAT = dwarf;
				ENABLE_STRICT_OBJC_MSGSEND = YES;
				ENABLE_TESTABILITY = YES;
				ENABLE_TESTING_SEARCH_PATHS = YES;
				GCC_C_LANGUAGE_STANDARD = gnu11;
				GCC_DYNAMIC_NO_PIC = NO;
				GCC_NO_COMMON_BLOCKS = YES;
				GCC_OPTIMIZATION_LEVEL = 0;
				GCC_PREPROCESSOR_DEFINITIONS = (
					"DEBUG=1",
					"$(inherited)",
				);
				GCC_WARN_64_TO_32_BIT_CONVERSION = YES;
				GCC_WARN_ABOUT_RETURN_TYPE = YES_ERROR;
				GCC_WARN_UNDECLARED_SELECTOR = YES;
				GCC_WARN_UNINITIALIZED_AUTOS = YES_AGGRESSIVE;
				GCC_WARN_UNUSED_FUNCTION = YES;
				GCC_WARN_UNUSED_VARIABLE = YES;
				IPHONEOS_DEPLOYMENT_TARGET = 16.4;
				MTL_ENABLE_DEBUG_INFO = INCLUDE_SOURCE;
				MTL_FAST_MATH = YES;
				ONLY_ACTIVE_ARCH = YES;
				SDKROOT = iphoneos;
				SWIFT_ACTIVE_COMPILATION_CONDITIONS = DEBUG;
				SWIFT_OPTIMIZATION_LEVEL = "-Onone";
			};
			name = Debug;
		};
		FFB991852ACF180D0011A70D /* Release */ = {
			isa = XCBuildConfiguration;
			buildSettings = {
				ALWAYS_SEARCH_USER_PATHS = NO;
				CLANG_ANALYZER_NONNULL = YES;
				CLANG_ANALYZER_NUMBER_OBJECT_CONVERSION = YES_AGGRESSIVE;
				CLANG_CXX_LANGUAGE_STANDARD = "gnu++20";
				CLANG_ENABLE_MODULES = YES;
				CLANG_ENABLE_OBJC_ARC = YES;
				CLANG_ENABLE_OBJC_WEAK = YES;
				CLANG_WARN_BLOCK_CAPTURE_AUTORELEASING = YES;
				CLANG_WARN_BOOL_CONVERSION = YES;
				CLANG_WARN_COMMA = YES;
				CLANG_WARN_CONSTANT_CONVERSION = YES;
				CLANG_WARN_DEPRECATED_OBJC_IMPLEMENTATIONS = YES;
				CLANG_WARN_DIRECT_OBJC_ISA_USAGE = YES_ERROR;
				CLANG_WARN_DOCUMENTATION_COMMENTS = YES;
				CLANG_WARN_EMPTY_BODY = YES;
				CLANG_WARN_ENUM_CONVERSION = YES;
				CLANG_WARN_INFINITE_RECURSION = YES;
				CLANG_WARN_INT_CONVERSION = YES;
				CLANG_WARN_NON_LITERAL_NULL_CONVERSION = YES;
				CLANG_WARN_OBJC_IMPLICIT_RETAIN_SELF = YES;
				CLANG_WARN_OBJC_LITERAL_CONVERSION = YES;
				CLANG_WARN_OBJC_ROOT_CLASS = YES_ERROR;
				CLANG_WARN_QUOTED_INCLUDE_IN_FRAMEWORK_HEADER = YES;
				CLANG_WARN_RANGE_LOOP_ANALYSIS = YES;
				CLANG_WARN_STRICT_PROTOTYPES = YES;
				CLANG_WARN_SUSPICIOUS_MOVE = YES;
				CLANG_WARN_UNGUARDED_AVAILABILITY = YES_AGGRESSIVE;
				CLANG_WARN_UNREACHABLE_CODE = YES;
				CLANG_WARN__DUPLICATE_METHOD_MATCH = YES;
				COPY_PHASE_STRIP = NO;
				DEBUG_INFORMATION_FORMAT = "dwarf-with-dsym";
				ENABLE_NS_ASSERTIONS = NO;
				ENABLE_STRICT_OBJC_MSGSEND = YES;
				ENABLE_TESTING_SEARCH_PATHS = YES;
				GCC_C_LANGUAGE_STANDARD = gnu11;
				GCC_NO_COMMON_BLOCKS = YES;
				GCC_WARN_64_TO_32_BIT_CONVERSION = YES;
				GCC_WARN_ABOUT_RETURN_TYPE = YES_ERROR;
				GCC_WARN_UNDECLARED_SELECTOR = YES;
				GCC_WARN_UNINITIALIZED_AUTOS = YES_AGGRESSIVE;
				GCC_WARN_UNUSED_FUNCTION = YES;
				GCC_WARN_UNUSED_VARIABLE = YES;
				IPHONEOS_DEPLOYMENT_TARGET = 16.4;
				MTL_ENABLE_DEBUG_INFO = NO;
				MTL_FAST_MATH = YES;
				SDKROOT = iphoneos;
				SWIFT_COMPILATION_MODE = wholemodule;
				SWIFT_OPTIMIZATION_LEVEL = "-O";
				VALIDATE_PRODUCT = YES;
			};
			name = Release;
		};
		FFB991872ACF180D0011A70D /* Debug */ = {
			isa = XCBuildConfiguration;
			buildSettings = {
				ASSETCATALOG_COMPILER_APPICON_NAME = AppIcon;
				ASSETCATALOG_COMPILER_GLOBAL_ACCENT_COLOR_NAME = AccentColor;
				CODE_SIGN_STYLE = Automatic;
				CURRENT_PROJECT_VERSION = 1;
				DEVELOPMENT_TEAM = EKBEXHN88U;
				GENERATE_INFOPLIST_FILE = YES;
				INFOPLIST_FILE = TestFDJ/Info.plist;
				INFOPLIST_KEY_UIApplicationSupportsIndirectInputEvents = YES;
				INFOPLIST_KEY_UILaunchStoryboardName = LaunchScreen;
				INFOPLIST_KEY_UIMainStoryboardFile = Main;
				INFOPLIST_KEY_UISupportedInterfaceOrientations_iPad = "UIInterfaceOrientationPortrait UIInterfaceOrientationPortraitUpsideDown UIInterfaceOrientationLandscapeLeft UIInterfaceOrientationLandscapeRight";
				INFOPLIST_KEY_UISupportedInterfaceOrientations_iPhone = "UIInterfaceOrientationPortrait UIInterfaceOrientationLandscapeLeft UIInterfaceOrientationLandscapeRight";
				LD_RUNPATH_SEARCH_PATHS = (
					"$(inherited)",
					"@executable_path/Frameworks",
				);
				MARKETING_VERSION = 1.0;
				PRODUCT_BUNDLE_IDENTIFIER = com.summview.ext.bj90.TestFDJ;
				PRODUCT_NAME = "$(TARGET_NAME)";
				SWIFT_EMIT_LOC_STRINGS = YES;
				SWIFT_VERSION = 5.0;
				TARGETED_DEVICE_FAMILY = "1,2";
			};
			name = Debug;
		};
		FFB991882ACF180D0011A70D /* Release */ = {
			isa = XCBuildConfiguration;
			buildSettings = {
				ASSETCATALOG_COMPILER_APPICON_NAME = AppIcon;
				ASSETCATALOG_COMPILER_GLOBAL_ACCENT_COLOR_NAME = AccentColor;
				CODE_SIGN_STYLE = Automatic;
				CURRENT_PROJECT_VERSION = 1;
				DEVELOPMENT_TEAM = EKBEXHN88U;
				GENERATE_INFOPLIST_FILE = YES;
				INFOPLIST_FILE = TestFDJ/Info.plist;
				INFOPLIST_KEY_UIApplicationSupportsIndirectInputEvents = YES;
				INFOPLIST_KEY_UILaunchStoryboardName = LaunchScreen;
				INFOPLIST_KEY_UIMainStoryboardFile = Main;
				INFOPLIST_KEY_UISupportedInterfaceOrientations_iPad = "UIInterfaceOrientationPortrait UIInterfaceOrientationPortraitUpsideDown UIInterfaceOrientationLandscapeLeft UIInterfaceOrientationLandscapeRight";
				INFOPLIST_KEY_UISupportedInterfaceOrientations_iPhone = "UIInterfaceOrientationPortrait UIInterfaceOrientationLandscapeLeft UIInterfaceOrientationLandscapeRight";
				LD_RUNPATH_SEARCH_PATHS = (
					"$(inherited)",
					"@executable_path/Frameworks",
				);
				MARKETING_VERSION = 1.0;
				PRODUCT_BUNDLE_IDENTIFIER = com.summview.ext.bj90.TestFDJ;
				PRODUCT_NAME = "$(TARGET_NAME)";
				SWIFT_EMIT_LOC_STRINGS = YES;
				SWIFT_VERSION = 5.0;
				TARGETED_DEVICE_FAMILY = "1,2";
			};
			name = Release;
		};
		FFB9918A2ACF180D0011A70D /* Debug */ = {
			isa = XCBuildConfiguration;
			buildSettings = {
				ALWAYS_EMBED_SWIFT_STANDARD_LIBRARIES = YES;
				BUNDLE_LOADER = "$(TEST_HOST)";
				CODE_SIGN_STYLE = Automatic;
				CURRENT_PROJECT_VERSION = 1;
				DEVELOPMENT_TEAM = EKBEXHN88U;
				GENERATE_INFOPLIST_FILE = YES;
				IPHONEOS_DEPLOYMENT_TARGET = 16.4;
				MARKETING_VERSION = 1.0;
				PRODUCT_BUNDLE_IDENTIFIER = com.summview.ext.bj90.TestFDJTests;
				PRODUCT_NAME = "$(TARGET_NAME)";
				SWIFT_EMIT_LOC_STRINGS = NO;
				SWIFT_VERSION = 5.0;
				TARGETED_DEVICE_FAMILY = "1,2";
				TEST_HOST = "$(BUILT_PRODUCTS_DIR)/TestFDJ.app/$(BUNDLE_EXECUTABLE_FOLDER_PATH)/TestFDJ";
			};
			name = Debug;
		};
		FFB9918B2ACF180D0011A70D /* Release */ = {
			isa = XCBuildConfiguration;
			buildSettings = {
				ALWAYS_EMBED_SWIFT_STANDARD_LIBRARIES = YES;
				BUNDLE_LOADER = "$(TEST_HOST)";
				CODE_SIGN_STYLE = Automatic;
				CURRENT_PROJECT_VERSION = 1;
				DEVELOPMENT_TEAM = EKBEXHN88U;
				GENERATE_INFOPLIST_FILE = YES;
				IPHONEOS_DEPLOYMENT_TARGET = 16.4;
				MARKETING_VERSION = 1.0;
				PRODUCT_BUNDLE_IDENTIFIER = com.summview.ext.bj90.TestFDJTests;
				PRODUCT_NAME = "$(TARGET_NAME)";
				SWIFT_EMIT_LOC_STRINGS = NO;
				SWIFT_VERSION = 5.0;
				TARGETED_DEVICE_FAMILY = "1,2";
				TEST_HOST = "$(BUILT_PRODUCTS_DIR)/TestFDJ.app/$(BUNDLE_EXECUTABLE_FOLDER_PATH)/TestFDJ";
			};
			name = Release;
		};
		FFB9918D2ACF180D0011A70D /* Debug */ = {
			isa = XCBuildConfiguration;
			buildSettings = {
				ALWAYS_EMBED_SWIFT_STANDARD_LIBRARIES = YES;
				CODE_SIGN_STYLE = Automatic;
				CURRENT_PROJECT_VERSION = 1;
				DEVELOPMENT_TEAM = EKBEXHN88U;
				GENERATE_INFOPLIST_FILE = YES;
				MARKETING_VERSION = 1.0;
				PRODUCT_BUNDLE_IDENTIFIER = com.summview.ext.bj90.TestFDJUITests;
				PRODUCT_NAME = "$(TARGET_NAME)";
				SWIFT_EMIT_LOC_STRINGS = NO;
				SWIFT_VERSION = 5.0;
				TARGETED_DEVICE_FAMILY = "1,2";
				TEST_TARGET_NAME = TestFDJ;
			};
			name = Debug;
		};
		FFB9918E2ACF180D0011A70D /* Release */ = {
			isa = XCBuildConfiguration;
			buildSettings = {
				ALWAYS_EMBED_SWIFT_STANDARD_LIBRARIES = YES;
				CODE_SIGN_STYLE = Automatic;
				CURRENT_PROJECT_VERSION = 1;
				DEVELOPMENT_TEAM = EKBEXHN88U;
				GENERATE_INFOPLIST_FILE = YES;
				MARKETING_VERSION = 1.0;
				PRODUCT_BUNDLE_IDENTIFIER = com.summview.ext.bj90.TestFDJUITests;
				PRODUCT_NAME = "$(TARGET_NAME)";
				SWIFT_EMIT_LOC_STRINGS = NO;
				SWIFT_VERSION = 5.0;
				TARGETED_DEVICE_FAMILY = "1,2";
				TEST_TARGET_NAME = TestFDJ;
			};
			name = Release;
		};
/* End XCBuildConfiguration section */

/* Begin XCConfigurationList section */
		FFB991572ACF180C0011A70D /* Build configuration list for PBXProject "TestFDJ" */ = {
			isa = XCConfigurationList;
			buildConfigurations = (
				FFB991842ACF180D0011A70D /* Debug */,
				FFB991852ACF180D0011A70D /* Release */,
			);
			defaultConfigurationIsVisible = 0;
			defaultConfigurationName = Release;
		};
		FFB991862ACF180D0011A70D /* Build configuration list for PBXNativeTarget "TestFDJ" */ = {
			isa = XCConfigurationList;
			buildConfigurations = (
				FFB991872ACF180D0011A70D /* Debug */,
				FFB991882ACF180D0011A70D /* Release */,
			);
			defaultConfigurationIsVisible = 0;
			defaultConfigurationName = Release;
		};
		FFB991892ACF180D0011A70D /* Build configuration list for PBXNativeTarget "TestFDJTests" */ = {
			isa = XCConfigurationList;
			buildConfigurations = (
				FFB9918A2ACF180D0011A70D /* Debug */,
				FFB9918B2ACF180D0011A70D /* Release */,
			);
			defaultConfigurationIsVisible = 0;
			defaultConfigurationName = Release;
		};
		FFB9918C2ACF180D0011A70D /* Build configuration list for PBXNativeTarget "TestFDJUITests" */ = {
			isa = XCConfigurationList;
			buildConfigurations = (
				FFB9918D2ACF180D0011A70D /* Debug */,
				FFB9918E2ACF180D0011A70D /* Release */,
			);
			defaultConfigurationIsVisible = 0;
			defaultConfigurationName = Release;
		};
/* End XCConfigurationList section */

/* Begin XCRemoteSwiftPackageReference section */
		FFB991E52AD015AF0011A70D /* XCRemoteSwiftPackageReference "Kingfisher" */ = {
			isa = XCRemoteSwiftPackageReference;
			repositoryURL = "https://github.com/onevcat/Kingfisher";
			requirement = {
				kind = upToNextMajorVersion;
				minimumVersion = 7.0.0;
			};
		};
/* End XCRemoteSwiftPackageReference section */

/* Begin XCSwiftPackageProductDependency section */
		FFB991E62AD015AF0011A70D /* Kingfisher */ = {
			isa = XCSwiftPackageProductDependency;
			package = FFB991E52AD015AF0011A70D /* XCRemoteSwiftPackageReference "Kingfisher" */;
			productName = Kingfisher;
		};
/* End XCSwiftPackageProductDependency section */
	};
	rootObject = FFB991542ACF180C0011A70D /* Project object */;
}
